{
  "name": "@genesis/root",
  "version": "2.0.0-alpha.2",
  "lockfileVersion": 3,
  "requires": true,
  "packages": {
    "": {
      "name": "@genesis/root",
      "version": "2.0.0-alpha.2",
      "license": "UNLICENSED",
      "workspaces": [
        "apps/*",
        "packages/*"
      ],
      "devDependencies": {
        "typescript": "^5.9.3"
      },
      "engines": {
        "node": ">=24.16.0 <25",
        "npm": ">=11"
      }
    },
    "apps/mobile": {
      "name": "@genesis/mobile",
      "version": "2.0.0-alpha.2"
    },
    "apps/runtime": {
      "name": "@genesis/runtime",
      "version": "2.0.0-alpha.2"
    },
    "node_modules/@genesis/contracts": {
      "resolved": "packages/contracts",
      "link": true
    },
    "node_modules/@genesis/core": {
      "resolved": "packages/core",
      "link": true
    },
    "node_modules/@genesis/mobile": {
      "resolved": "apps/mobile",
      "link": true
    },
    "node_modules/@genesis/protocol": {
      "resolved": "packages/protocol",
      "link": true
    },
    "node_modules/@genesis/runtime": {
      "resolved": "apps/runtime",
      "link": true
    },
    "node_modules/@genesis/sdk": {
      "resolved": "packages/sdk",
      "link": true
    },
    "node_modules/@genesis/shared": {
      "resolved": "packages/shared",
      "link": true
    },
    "node_modules/typescript": {
      "version": "5.9.3",
      "resolved": "https://registry.npmjs.org/typescript/-/typescript-5.9.3.tgz",
      "integrity": "sha512-jl1vZzPDinLr9eUt3J/t7V6FgNEw9QjvBPdysz9KfQDD41fQrC2Y4vKQdiaUpFT4bXlb1RHhLpp8wtm6M5TgSw==",
      "dev": true,
      "license": "Apache-2.0",
      "bin": {
        "tsc": "bin/tsc",
        "tsserver": "bin/tsserver"
      },
      "engines": {
        "node": ">=14.17"
      }
    },
    "packages/contracts": {
      "name": "@genesis/contracts",
      "version": "2.0.0-alpha.2"
    },
    "packages/core": {
      "name": "@genesis/core",
      "version": "2.0.0-alpha.2"
    },
    "packages/protocol": {
      "name": "@genesis/protocol",
      "version": "2.0.0-alpha.2"
    },
    "packages/sdk": {
      "name": "@genesis/sdk",
      "version": "2.0.0-alpha.2"
    },
    "packages/shared": {
      "name": "@genesis/shared",
      "version": "2.0.0-alpha.2"
    }
  }
}
